
Microsoft Visual Studio Solution File, Format Version 12.00
# Visual Studio 15
VisualStudioVersion = 15.0.28010.0
MinimumVisualStudioVersion = 10.0.40219.1
Project("{9A19103F-16F7-4668-BE54-9A1E7A4F7556}") = "Payroll", "Payroll\Payroll.csproj", "{6858E457-D7D0-4AF4-8A1B-97440577282D}"
EndProject
Global
	GlobalSection(SolutionConfigurationPlatforms) = preSolution
		Debug|Any CPU = Debug|Any CPU
		Release|Any CPU = Release|Any CPU
	EndGlobalSection
	GlobalSection(ProjectConfigurationPlatforms) = postSolution
		{6858E457-D7D0-4AF4-8A1B-97440577282D}.Debug|Any CPU.ActiveCfg = Debug|Any CPU
		{6858E457-D7D0-4AF4-8A1B-97440577282D}.Debug|Any CPU.Build.0 = Debug|Any CPU
		{6858E457-D7D0-4AF4-8A1B-97440577282D}.Release|Any CPU.ActiveCfg = Release|Any CPU
		{6858E457-D7D0-4AF4-8A1B-97440577282D}.Release|Any CPU.Build.0 = Release|Any CPU
	EndGlobalSection
	GlobalSection(SolutionProperties) = preSolution
		HideSolutionNode = FALSE
	EndGlobalSection
	GlobalSection(ExtensibilityGlobals) = postSolution
		SolutionGuid = {1B585506-A550-4A33-9F36-2351468BFA48}
	EndGlobalSection
EndGlobal
